
Microsoft Visual Studio Solution File, Format Version 12.00
# Visual Studio Version 16
VisualStudioVersion = 16.0.32002.261
MinimumVisualStudioVersion = 10.0.40219.1
Project("{FAE04EC0-301F-11D3-BF4B-00C04F79EFBC}") = "eTickets", "eTickets\eTickets.csproj", "{FCA9E0A8-C6F0-4862-A13A-EF96CBE79133}"
EndProject
Global
	GlobalSection(SolutionConfigurationPlatforms) = preSolution
		Debug|Any CPU = Debug|Any CPU
		Release|Any CPU = Release|Any CPU
	EndGlobalSection
	GlobalSection(ProjectConfigurationPlatforms) = postSolution
		{FCA9E0A8-C6F0-4862-A13A-EF96CBE79133}.Debug|Any CPU.ActiveCfg = Debug|Any CPU
		{FCA9E0A8-C6F0-4862-A13A-EF96CBE79133}.Debug|Any CPU.Build.0 = Debug|Any CPU
		{FCA9E0A8-C6F0-4862-A13A-EF96CBE79133}.Release|Any CPU.ActiveCfg = Release|Any CPU
		{FCA9E0A8-C6F0-4862-A13A-EF96CBE79133}.Release|Any CPU.Build.0 = Release|Any CPU
	EndGlobalSection
	GlobalSection(SolutionProperties) = preSolution
		HideSolutionNode = FALSE
	EndGlobalSection
	GlobalSection(ExtensibilityGlobals) = postSolution
		SolutionGuid = {1109D54B-C8FC-4938-BC06-5A4D04FB55AF}
	EndGlobalSection
EndGlobal
